
Microsoft Visual Studio Solution File, Format Version 12.00
# Visual Studio Version 17
VisualStudioVersion = 17.8.34525.116
MinimumVisualStudioVersion = 10.0.40219.1
Project("{FAE04EC0-301F-11D3-BF4B-00C04F79EFBC}") = "OOP_1.2", "OOP_1.2.csproj", "{13D68715-2986-42FD-AD99-2FB87E7CD88D}"
EndProject
Global
	GlobalSection(SolutionConfigurationPlatforms) = preSolution
		Debug|Any CPU = Debug|Any CPU
		Release|Any CPU = Release|Any CPU
	EndGlobalSection
	GlobalSection(ProjectConfigurationPlatforms) = postSolution
		{13D68715-2986-42FD-AD99-2FB87E7CD88D}.Debug|Any CPU.ActiveCfg = Debug|Any CPU
		{13D68715-2986-42FD-AD99-2FB87E7CD88D}.Debug|Any CPU.Build.0 = Debug|Any CPU
		{13D68715-2986-42FD-AD99-2FB87E7CD88D}.Release|Any CPU.ActiveCfg = Release|Any CPU
		{13D68715-2986-42FD-AD99-2FB87E7CD88D}.Release|Any CPU.Build.0 = Release|Any CPU
	EndGlobalSection
	GlobalSection(SolutionProperties) = preSolution
		HideSolutionNode = FALSE
	EndGlobalSection
	GlobalSection(ExtensibilityGlobals) = postSolution
		SolutionGuid = {418BE745-0A8B-4161-AD3A-D325F78E90D4}
	EndGlobalSection
EndGlobal
